
Microsoft Visual Studio Solution File, Format Version 12.00
# Visual Studio Version 17
VisualStudioVersion = 17.0.31903.59
MinimumVisualStudioVersion = 10.0.40219.1
Project("{FAE04EC0-301F-11D3-BF4B-00C04F79EFBC}") = "EnviaEmail", "EnviaEmail\EnviaEmail.csproj", "{2976F1F2-F073-4E98-83C2-03F11ADA1170}"
EndProject
Global
	GlobalSection(SolutionConfigurationPlatforms) = preSolution
		Debug|Any CPU = Debug|Any CPU
		Release|Any CPU = Release|Any CPU
	EndGlobalSection
	GlobalSection(SolutionProperties) = preSolution
		HideSolutionNode = FALSE
	EndGlobalSection
	GlobalSection(ProjectConfigurationPlatforms) = postSolution
		{2976F1F2-F073-4E98-83C2-03F11ADA1170}.Debug|Any CPU.ActiveCfg = Debug|Any CPU
		{2976F1F2-F073-4E98-83C2-03F11ADA1170}.Debug|Any CPU.Build.0 = Debug|Any CPU
		{2976F1F2-F073-4E98-83C2-03F11ADA1170}.Release|Any CPU.ActiveCfg = Release|Any CPU
		{2976F1F2-F073-4E98-83C2-03F11ADA1170}.Release|Any CPU.Build.0 = Release|Any CPU
	EndGlobalSection
EndGlobal
